
Microsoft Visual Studio Solution File, Format Version 12.00
# Visual Studio 2013
VisualStudioVersion = 12.0.20617.1 PREVIEW
MinimumVisualStudioVersion = 10.0.40219.1
Project("{FAE04EC0-301F-11D3-BF4B-00C04F79EFBC}") = "Eventracker.Domain", "Eventracker.Domain\Eventracker.Domain.csproj", "{51F3A3B2-325B-44D3-BF58-3621C7F43D99}"
EndProject
Project("{FAE04EC0-301F-11D3-BF4B-00C04F79EFBC}") = "Eventracker.Tests", "Eventracker.Tests\Eventracker.Tests.csproj", "{96085D57-E81D-424C-8A9C-1663607D688D}"
EndProject
Global
	GlobalSection(SolutionConfigurationPlatforms) = preSolution
		Debug|Any CPU = Debug|Any CPU
		Release|Any CPU = Release|Any CPU
	EndGlobalSection
	GlobalSection(ProjectConfigurationPlatforms) = postSolution
		{51F3A3B2-325B-44D3-BF58-3621C7F43D99}.Debug|Any CPU.ActiveCfg = Debug|Any CPU
		{51F3A3B2-325B-44D3-BF58-3621C7F43D99}.Debug|Any CPU.Build.0 = Debug|Any CPU
		{51F3A3B2-325B-44D3-BF58-3621C7F43D99}.Release|Any CPU.ActiveCfg = Release|Any CPU
		{51F3A3B2-325B-44D3-BF58-3621C7F43D99}.Release|Any CPU.Build.0 = Release|Any CPU
		{96085D57-E81D-424C-8A9C-1663607D688D}.Debug|Any CPU.ActiveCfg = Debug|Any CPU
		{96085D57-E81D-424C-8A9C-1663607D688D}.Debug|Any CPU.Build.0 = Debug|Any CPU
		{96085D57-E81D-424C-8A9C-1663607D688D}.Release|Any CPU.ActiveCfg = Release|Any CPU
		{96085D57-E81D-424C-8A9C-1663607D688D}.Release|Any CPU.Build.0 = Release|Any CPU
	EndGlobalSection
	GlobalSection(SolutionProperties) = preSolution
		HideSolutionNode = FALSE
	EndGlobalSection
EndGlobal
